
Microsoft Visual Studio Solution File, Format Version 12.00
# Visual Studio Version 16
VisualStudioVersion = 16.0.31605.320
MinimumVisualStudioVersion = 10.0.40219.1
Project("{FAE04EC0-301F-11D3-BF4B-00C04F79EFBC}") = "Raw-SQL", "Raw-SQL\Raw-SQL.csproj", "{9EFE28E6-307D-4BD9-B0B9-E3433AD5AEA1}"
EndProject
Global
	GlobalSection(SolutionConfigurationPlatforms) = preSolution
		Debug|Any CPU = Debug|Any CPU
		Release|Any CPU = Release|Any CPU
	EndGlobalSection
	GlobalSection(ProjectConfigurationPlatforms) = postSolution
		{9EFE28E6-307D-4BD9-B0B9-E3433AD5AEA1}.Debug|Any CPU.ActiveCfg = Debug|Any CPU
		{9EFE28E6-307D-4BD9-B0B9-E3433AD5AEA1}.Debug|Any CPU.Build.0 = Debug|Any CPU
		{9EFE28E6-307D-4BD9-B0B9-E3433AD5AEA1}.Release|Any CPU.ActiveCfg = Release|Any CPU
		{9EFE28E6-307D-4BD9-B0B9-E3433AD5AEA1}.Release|Any CPU.Build.0 = Release|Any CPU
	EndGlobalSection
	GlobalSection(SolutionProperties) = preSolution
		HideSolutionNode = FALSE
	EndGlobalSection
	GlobalSection(ExtensibilityGlobals) = postSolution
		SolutionGuid = {DA79FE8F-DA21-4B3D-9A1E-74988ADC4606}
	EndGlobalSection
EndGlobal
